
Microsoft Visual Studio Solution File, Format Version 12.00
# Visual Studio Version 16
VisualStudioVersion = 16.0.29905.134
MinimumVisualStudioVersion = 10.0.40219.1
Project("{FAE04EC0-301F-11D3-BF4B-00C04F79EFBC}") = "AMx64", "AMx64\AMx64.csproj", "{7AB8E7DC-19B8-49D4-8A1B-F17A3A398C51}"
EndProject
Global
	GlobalSection(SolutionConfigurationPlatforms) = preSolution
		Debug|Any CPU = Debug|Any CPU
		Release|Any CPU = Release|Any CPU
	EndGlobalSection
	GlobalSection(ProjectConfigurationPlatforms) = postSolution
		{7AB8E7DC-19B8-49D4-8A1B-F17A3A398C51}.Debug|Any CPU.ActiveCfg = Debug|Any CPU
		{7AB8E7DC-19B8-49D4-8A1B-F17A3A398C51}.Debug|Any CPU.Build.0 = Debug|Any CPU
		{7AB8E7DC-19B8-49D4-8A1B-F17A3A398C51}.Release|Any CPU.ActiveCfg = Release|Any CPU
		{7AB8E7DC-19B8-49D4-8A1B-F17A3A398C51}.Release|Any CPU.Build.0 = Release|Any CPU
	EndGlobalSection
	GlobalSection(SolutionProperties) = preSolution
		HideSolutionNode = FALSE
	EndGlobalSection
	GlobalSection(ExtensibilityGlobals) = postSolution
		SolutionGuid = {0D39A435-73D6-4589-A4DC-641FCE471EB7}
	EndGlobalSection
EndGlobal
